
Microsoft Visual Studio Solution File, Format Version 12.00
# Visual Studio Version 17
VisualStudioVersion = 17.2.32526.322
MinimumVisualStudioVersion = 10.0.40219.1
Project("{FAE04EC0-301F-11D3-BF4B-00C04F79EFBC}") = "LessonMVC2", "LessonMVC2\LessonMVC2.csproj", "{F760623F-B3AA-4BB4-B9DC-7E46A6902671}"
EndProject
Global
	GlobalSection(SolutionConfigurationPlatforms) = preSolution
		Debug|Any CPU = Debug|Any CPU
		Release|Any CPU = Release|Any CPU
	EndGlobalSection
	GlobalSection(ProjectConfigurationPlatforms) = postSolution
		{F760623F-B3AA-4BB4-B9DC-7E46A6902671}.Debug|Any CPU.ActiveCfg = Debug|Any CPU
		{F760623F-B3AA-4BB4-B9DC-7E46A6902671}.Debug|Any CPU.Build.0 = Debug|Any CPU
		{F760623F-B3AA-4BB4-B9DC-7E46A6902671}.Release|Any CPU.ActiveCfg = Release|Any CPU
		{F760623F-B3AA-4BB4-B9DC-7E46A6902671}.Release|Any CPU.Build.0 = Release|Any CPU
	EndGlobalSection
	GlobalSection(SolutionProperties) = preSolution
		HideSolutionNode = FALSE
	EndGlobalSection
	GlobalSection(ExtensibilityGlobals) = postSolution
		SolutionGuid = {F32F8E5F-8219-4AB9-9F74-AB9A2A70995E}
	EndGlobalSection
EndGlobal
